
Microsoft Visual Studio Solution File, Format Version 12.00
# Visual Studio Version 16
VisualStudioVersion = 25.0.1703.8
MinimumVisualStudioVersion = 10.0.40219.1
Project("{FAE04EC0-301F-11D3-BF4B-00C04F79EFBC}") = "ConsoleTest", "ConsoleTest\ConsoleTest.csproj", "{15B86CA8-73B7-4207-AC66-6699B45E5913}"
EndProject
Project("{FAE04EC0-301F-11D3-BF4B-00C04F79EFBC}") = "Ajuna.NetApi", "Ajuna.NetApi\Ajuna.NetApi\Ajuna.NetApi.csproj", "{4EAF14C7-E40E-428C-8D96-902A62A1F01C}"
EndProject
Project("{FAE04EC0-301F-11D3-BF4B-00C04F79EFBC}") = "Ajuna.NetApi.TestNode", "Ajuna.NetApi\Ajuna.NetApi.TestNode\Ajuna.NetApi.TestNode.csproj", "{271E6015-11ED-4E47-9278-F889294F83E2}"
EndProject
Project("{FAE04EC0-301F-11D3-BF4B-00C04F79EFBC}") = "Ajuna.NetApi.Test", "Ajuna.NetApi\Ajuna.NetApi.Test\Ajuna.NetApi.Test.csproj", "{A1FDB386-7F8B-47EC-8304-EFA64D1B458F}"
EndProject
Project("{2150E333-8FDC-42A3-9474-1A3956D46DE8}") = "Solution Items", "Solution Items", "{F19AE8A4-5D3D-470E-BE86-8919BB027E8A}"
	ProjectSection(SolutionItems) = preProject
		.editorconfig = .editorconfig
	EndProjectSection
EndProject
Project("{FAE04EC0-301F-11D3-BF4B-00C04F79EFBC}") = "FinalBiome.Api", "FinalBiome.Api\FinalBiome.Api.csproj", "{614BEA1E-0BD8-4102-B538-8EBAD6A73E81}"
EndProject
Project("{FAE04EC0-301F-11D3-BF4B-00C04F79EFBC}") = "FinalBiome.Api.Test", "FinalBiome.Api.Test\FinalBiome.Api.Test.csproj", "{C698AC83-819D-4804-A630-BF1AB47FEEF6}"
EndProject
Project("{FAE04EC0-301F-11D3-BF4B-00C04F79EFBC}") = "FinalBiome.Api.Codegen", "FinalBiome.Api.Codegen\FinalBiome.Api.Codegen.csproj", "{82BF4B06-DC85-48D6-AD85-9D19C54A20B1}"
EndProject
Project("{FAE04EC0-301F-11D3-BF4B-00C04F79EFBC}") = "Console.Api", "Console.Api\Console.Api.csproj", "{3A2A1FC5-D8C9-41D9-BF97-CF7A7DE79831}"
EndProject
Global
	GlobalSection(SolutionConfigurationPlatforms) = preSolution
		Debug|Any CPU = Debug|Any CPU
		Release|Any CPU = Release|Any CPU
	EndGlobalSection
	GlobalSection(ProjectConfigurationPlatforms) = postSolution
		{15B86CA8-73B7-4207-AC66-6699B45E5913}.Debug|Any CPU.ActiveCfg = Debug|Any CPU
		{15B86CA8-73B7-4207-AC66-6699B45E5913}.Debug|Any CPU.Build.0 = Debug|Any CPU
		{15B86CA8-73B7-4207-AC66-6699B45E5913}.Release|Any CPU.ActiveCfg = Release|Any CPU
		{15B86CA8-73B7-4207-AC66-6699B45E5913}.Release|Any CPU.Build.0 = Release|Any CPU
		{4EAF14C7-E40E-428C-8D96-902A62A1F01C}.Debug|Any CPU.ActiveCfg = Debug|Any CPU
		{4EAF14C7-E40E-428C-8D96-902A62A1F01C}.Debug|Any CPU.Build.0 = Debug|Any CPU
		{4EAF14C7-E40E-428C-8D96-902A62A1F01C}.Release|Any CPU.ActiveCfg = Release|Any CPU
		{4EAF14C7-E40E-428C-8D96-902A62A1F01C}.Release|Any CPU.Build.0 = Release|Any CPU
		{271E6015-11ED-4E47-9278-F889294F83E2}.Debug|Any CPU.ActiveCfg = Debug|Any CPU
		{271E6015-11ED-4E47-9278-F889294F83E2}.Debug|Any CPU.Build.0 = Debug|Any CPU
		{271E6015-11ED-4E47-9278-F889294F83E2}.Release|Any CPU.ActiveCfg = Release|Any CPU
		{271E6015-11ED-4E47-9278-F889294F83E2}.Release|Any CPU.Build.0 = Release|Any CPU
		{A1FDB386-7F8B-47EC-8304-EFA64D1B458F}.Debug|Any CPU.ActiveCfg = Debug|Any CPU
		{A1FDB386-7F8B-47EC-8304-EFA64D1B458F}.Debug|Any CPU.Build.0 = Debug|Any CPU
		{A1FDB386-7F8B-47EC-8304-EFA64D1B458F}.Release|Any CPU.ActiveCfg = Release|Any CPU
		{A1FDB386-7F8B-47EC-8304-EFA64D1B458F}.Release|Any CPU.Build.0 = Release|Any CPU
		{614BEA1E-0BD8-4102-B538-8EBAD6A73E81}.Debug|Any CPU.ActiveCfg = Debug|Any CPU
		{614BEA1E-0BD8-4102-B538-8EBAD6A73E81}.Debug|Any CPU.Build.0 = Debug|Any CPU
		{614BEA1E-0BD8-4102-B538-8EBAD6A73E81}.Release|Any CPU.ActiveCfg = Release|Any CPU
		{614BEA1E-0BD8-4102-B538-8EBAD6A73E81}.Release|Any CPU.Build.0 = Release|Any CPU
		{C698AC83-819D-4804-A630-BF1AB47FEEF6}.Debug|Any CPU.ActiveCfg = Debug|Any CPU
		{C698AC83-819D-4804-A630-BF1AB47FEEF6}.Debug|Any CPU.Build.0 = Debug|Any CPU
		{C698AC83-819D-4804-A630-BF1AB47FEEF6}.Release|Any CPU.ActiveCfg = Release|Any CPU
		{C698AC83-819D-4804-A630-BF1AB47FEEF6}.Release|Any CPU.Build.0 = Release|Any CPU
		{82BF4B06-DC85-48D6-AD85-9D19C54A20B1}.Debug|Any CPU.ActiveCfg = Debug|Any CPU
		{82BF4B06-DC85-48D6-AD85-9D19C54A20B1}.Debug|Any CPU.Build.0 = Debug|Any CPU
		{82BF4B06-DC85-48D6-AD85-9D19C54A20B1}.Release|Any CPU.ActiveCfg = Release|Any CPU
		{82BF4B06-DC85-48D6-AD85-9D19C54A20B1}.Release|Any CPU.Build.0 = Release|Any CPU
		{3A2A1FC5-D8C9-41D9-BF97-CF7A7DE79831}.Debug|Any CPU.ActiveCfg = Debug|Any CPU
		{3A2A1FC5-D8C9-41D9-BF97-CF7A7DE79831}.Debug|Any CPU.Build.0 = Debug|Any CPU
		{3A2A1FC5-D8C9-41D9-BF97-CF7A7DE79831}.Release|Any CPU.ActiveCfg = Release|Any CPU
		{3A2A1FC5-D8C9-41D9-BF97-CF7A7DE79831}.Release|Any CPU.Build.0 = Release|Any CPU
	EndGlobalSection
	GlobalSection(SolutionProperties) = preSolution
		HideSolutionNode = FALSE
	EndGlobalSection
	GlobalSection(ExtensibilityGlobals) = postSolution
		SolutionGuid = {78143F4E-CC88-49A7-8C16-04A06E24956A}
	EndGlobalSection
EndGlobal
